// !$*UTF8*$!
{
	archiveVersion = 1;
	classes = {
	};
	objectVersion = 55;
	objects = {

/* Begin PBXBuildFile section */
		D3E0193028B4D10400C6DD6A /* AppBar.swift in Sources */ = {isa = PBXBuildFile; fileRef = D3E0192F28B4D10400C6DD6A /* AppBar.swift */; };
		D3E0193228B4D17A00C6DD6A /* FilmCard.swift in Sources */ = {isa = PBXBuildFile; fileRef = D3E0193128B4D17A00C6DD6A /* FilmCard.swift */; };
		D3E0193528B4EFA800C6DD6A /* FilmModel.swift in Sources */ = {isa = PBXBuildFile; fileRef = D3E0193428B4EFA800C6DD6A /* FilmModel.swift */; };
		D3E0193828B52FD700C6DD6A /* FilmNetwork.swift in Sources */ = {isa = PBXBuildFile; fileRef = D3E0193728B52FD700C6DD6A /* FilmNetwork.swift */; };
		D3E3632128B3A6370040FF45 /* FilmsApp.swift in Sources */ = {isa = PBXBuildFile; fileRef = D3E3632028B3A6370040FF45 /* FilmsApp.swift */; };
		D3E3632328B3A6370040FF45 /* ContentView.swift in Sources */ = {isa = PBXBuildFile; fileRef = D3E3632228B3A6370040FF45 /* ContentView.swift */; };
		D3E3632528B3A6380040FF45 /* Assets.xcassets in Resources */ = {isa = PBXBuildFile; fileRef = D3E3632428B3A6380040FF45 /* Assets.xcassets */; };
		D3E3632828B3A6380040FF45 /* Preview Assets.xcassets in Resources */ = {isa = PBXBuildFile; fileRef = D3E3632728B3A6380040FF45 /* Preview Assets.xcassets */; };
		D3E3633128B3DE370040FF45 /* Home.swift in Sources */ = {isa = PBXBuildFile; fileRef = D3E3633028B3DE370040FF45 /* Home.swift */; };
/* End PBXBuildFile section */

/* Begin PBXFileReference section */
		D3E0192F28B4D10400C6DD6A /* AppBar.swift */ = {isa = PBXFileReference; lastKnownFileType = sourcecode.swift; path = AppBar.swift; sourceTree = "<group>"; };
		D3E0193128B4D17A00C6DD6A /* FilmCard.swift */ = {isa = PBXFileReference; lastKnownFileType = sourcecode.swift; path = FilmCard.swift; sourceTree = "<group>"; };
		D3E0193428B4EFA800C6DD6A /* FilmModel.swift */ = {isa = PBXFileReference; lastKnownFileType = sourcecode.swift; path = FilmModel.swift; sourceTree = "<group>"; };
		D3E0193728B52FD700C6DD6A /* FilmNetwork.swift */ = {isa = PBXFileReference; lastKnownFileType = sourcecode.swift; path = FilmNetwork.swift; sourceTree = "<group>"; };
		D3E3631D28B3A6370040FF45 /* Films.app */ = {isa = PBXFileReference; explicitFileType = wrapper.application; includeInIndex = 0; path = Films.app; sourceTree = BUILT_PRODUCTS_DIR; };
		D3E3632028B3A6370040FF45 /* FilmsApp.swift */ = {isa = PBXFileReference; lastKnownFileType = sourcecode.swift; path = FilmsApp.swift; sourceTree = "<group>"; };
		D3E3632228B3A6370040FF45 /* ContentView.swift */ = {isa = PBXFileReference; lastKnownFileType = sourcecode.swift; path = ContentView.swift; sourceTree = "<group>"; };
		D3E3632428B3A6380040FF45 /* Assets.xcassets */ = {isa = PBXFileReference; lastKnownFileType = folder.assetcatalog; path = Assets.xcassets; sourceTree = "<group>"; };
		D3E3632728B3A6380040FF45 /* Preview Assets.xcassets */ = {isa = PBXFileReference; lastKnownFileType = folder.assetcatalog; path = "Preview Assets.xcassets"; sourceTree = "<group>"; };
		D3E3633028B3DE370040FF45 /* Home.swift */ = {isa = PBXFileReference; lastKnownFileType = sourcecode.swift; path = Home.swift; sourceTree = "<group>"; };
/* End PBXFileReference section */

/* Begin PBXFrameworksBuildPhase section */
		D3E3631A28B3A6370040FF45 /* Frameworks */ = {
			isa = PBXFrameworksBuildPhase;
			buildActionMask = 2147483647;
			files = (
			);
			runOnlyForDeploymentPostprocessing = 0;
		};
/* End PBXFrameworksBuildPhase section */

/* Begin PBXGroup section */
		D3E0192E28B4D0EB00C6DD6A /* Custom Components */ = {
			isa = PBXGroup;
			children = (
				D3E0192F28B4D10400C6DD6A /* AppBar.swift */,
				D3E0193128B4D17A00C6DD6A /* FilmCard.swift */,
			);
			path = "Custom Components";
			sourceTree = "<group>";
		};
		D3E0193328B4EF8600C6DD6A /* Models */ = {
			isa = PBXGroup;
			children = (
				D3E0193428B4EFA800C6DD6A /* FilmModel.swift */,
			);
			path = Models;
			sourceTree = "<group>";
		};
		D3E0193628B52EAF00C6DD6A /* Network */ = {
			isa = PBXGroup;
			children = (
				D3E0193728B52FD700C6DD6A /* FilmNetwork.swift */,
			);
			path = Network;
			sourceTree = "<group>";
		};
		D3E3631428B3A6370040FF45 = {
			isa = PBXGroup;
			children = (
				D3E3631F28B3A6370040FF45 /* Films */,
				D3E3631E28B3A6370040FF45 /* Products */,
			);
			sourceTree = "<group>";
		};
		D3E3631E28B3A6370040FF45 /* Products */ = {
			isa = PBXGroup;
			children = (
				D3E3631D28B3A6370040FF45 /* Films.app */,
			);
			name = Products;
			sourceTree = "<group>";
		};
		D3E3631F28B3A6370040FF45 /* Films */ = {
			isa = PBXGroup;
			children = (
				D3E0193628B52EAF00C6DD6A /* Network */,
				D3E0193328B4EF8600C6DD6A /* Models */,
				D3E3632E28B3DDDE0040FF45 /* Views */,
				D3E3632028B3A6370040FF45 /* FilmsApp.swift */,
				D3E3632228B3A6370040FF45 /* ContentView.swift */,
				D3E3632428B3A6380040FF45 /* Assets.xcassets */,
				D3E3632628B3A6380040FF45 /* Preview Content */,
			);
			path = Films;
			sourceTree = "<group>";
		};
		D3E3632628B3A6380040FF45 /* Preview Content */ = {
			isa = PBXGroup;
			children = (
				D3E3632728B3A6380040FF45 /* Preview Assets.xcassets */,
			);
			path = "Preview Content";
			sourceTree = "<group>";
		};
		D3E3632E28B3DDDE0040FF45 /* Views */ = {
			isa = PBXGroup;
			children = (
				D3E0192E28B4D0EB00C6DD6A /* Custom Components */,
				D3E3632F28B3DE200040FF45 /* Screens */,
			);
			path = Views;
			sourceTree = "<group>";
		};
		D3E3632F28B3DE200040FF45 /* Screens */ = {
			isa = PBXGroup;
			children = (
				D3E3633028B3DE370040FF45 /* Home.swift */,
			);
			path = Screens;
			sourceTree = "<group>";
		};
/* End PBXGroup section */

/* Begin PBXNativeTarget section */
		D3E3631C28B3A6370040FF45 /* Films */ = {
			isa = PBXNativeTarget;
			buildConfigurationList = D3E3632B28B3A6380040FF45 /* Build configuration list for PBXNativeTarget "Films" */;
			buildPhases = (
				D3E3631928B3A6370040FF45 /* Sources */,
				D3E3631A28B3A6370040FF45 /* Frameworks */,
				D3E3631B28B3A6370040FF45 /* Resources */,
			);
			buildRules = (
			);
			dependencies = (
			);
			name = Films;
			packageProductDependencies = (
			);
			productName = Films;
			productReference = D3E3631D28B3A6370040FF45 /* Films.app */;
			productType = "com.apple.product-type.application";
		};
/* End PBXNativeTarget section */

/* Begin PBXProject section */
		D3E3631528B3A6370040FF45 /* Project object */ = {
			isa = PBXProject;
			attributes = {
				BuildIndependentTargetsInParallel = 1;
				LastSwiftUpdateCheck = 1340;
				LastUpgradeCheck = 1340;
				TargetAttributes = {
					D3E3631C28B3A6370040FF45 = {
						CreatedOnToolsVersion = 13.4.1;
					};
				};
			};
			buildConfigurationList = D3E3631828B3A6370040FF45 /* Build configuration list for PBXProject "Films" */;
			compatibilityVersion = "Xcode 13.0";
			developmentRegion = en;
			hasScannedForEncodings = 0;
			knownRegions = (
				en,
				Base,
			);
			mainGroup = D3E3631428B3A6370040FF45;
			packageReferences = (
			);
			productRefGroup = D3E3631E28B3A6370040FF45 /* Products */;
			projectDirPath = "";
			projectRoot = "";
			targets = (
				D3E3631C28B3A6370040FF45 /* Films */,
			);
		};
/* End PBXProject section */

/* Begin PBXResourcesBuildPhase section */
		D3E3631B28B3A6370040FF45 /* Resources */ = {
			isa = PBXResourcesBuildPhase;
			buildActionMask = 2147483647;
			files = (
				D3E3632828B3A6380040FF45 /* Preview Assets.xcassets in Resources */,
				D3E3632528B3A6380040FF45 /* Assets.xcassets in Resources */,
			);
			runOnlyForDeploymentPostprocessing = 0;
		};
/* End PBXResourcesBuildPhase section */

/* Begin PBXSourcesBuildPhase section */
		D3E3631928B3A6370040FF45 /* Sources */ = {
			isa = PBXSourcesBuildPhase;
			buildActionMask = 2147483647;
			files = (
				D3E3632328B3A6370040FF45 /* ContentView.swift in Sources */,
				D3E0193528B4EFA800C6DD6A /* FilmModel.swift in Sources */,
				D3E0193028B4D10400C6DD6A /* AppBar.swift in Sources */,
				D3E3633128B3DE370040FF45 /* Home.swift in Sources */,
				D3E0193828B52FD700C6DD6A /* FilmNetwork.swift in Sources */,
				D3E3632128B3A6370040FF45 /* FilmsApp.swift in Sources */,
				D3E0193228B4D17A00C6DD6A /* FilmCard.swift in Sources */,
			);
			runOnlyForDeploymentPostprocessing = 0;
		};
/* End PBXSourcesBuildPhase section */

/* Begin XCBuildConfiguration section */
		D3E3632928B3A6380040FF45 /* Debug */ = {
			isa = XCBuildConfiguration;
			buildSettings = {
				ALWAYS_SEARCH_USER_PATHS = NO;
				CLANG_ANALYZER_NONNULL = YES;
				CLANG_ANALYZER_NUMBER_OBJECT_CONVERSION = YES_AGGRESSIVE;
				CLANG_CXX_LANGUAGE_STANDARD = "gnu++17";
				CLANG_ENABLE_MODULES = YES;
				CLANG_ENABLE_OBJC_ARC = YES;
				CLANG_ENABLE_OBJC_WEAK = YES;
				CLANG_WARN_BLOCK_CAPTURE_AUTORELEASING = YES;
				CLANG_WARN_BOOL_CONVERSION = YES;
				CLANG_WARN_COMMA = YES;
				CLANG_WARN_CONSTANT_CONVERSION = YES;
				CLANG_WARN_DEPRECATED_OBJC_IMPLEMENTATIONS = YES;
				CLANG_WARN_DIRECT_OBJC_ISA_USAGE = YES_ERROR;
				CLANG_WARN_DOCUMENTATION_COMMENTS = YES;
				CLANG_WARN_EMPTY_BODY = YES;
				CLANG_WARN_ENUM_CONVERSION = YES;
				CLANG_WARN_INFINITE_RECURSION = YES;
				CLANG_WARN_INT_CONVERSION = YES;
				CLANG_WARN_NON_LITERAL_NULL_CONVERSION = YES;
				CLANG_WARN_OBJC_IMPLICIT_RETAIN_SELF = YES;
				CLANG_WARN_OBJC_LITERAL_CONVERSION = YES;
				CLANG_WARN_OBJC_ROOT_CLASS = YES_ERROR;
				CLANG_WARN_QUOTED_INCLUDE_IN_FRAMEWORK_HEADER = YES;
				CLANG_WARN_RANGE_LOOP_ANALYSIS = YES;
				CLANG_WARN_STRICT_PROTOTYPES = YES;
				CLANG_WARN_SUSPICIOUS_MOVE = YES;
				CLANG_WARN_UNGUARDED_AVAILABILITY = YES_AGGRESSIVE;
				CLANG_WARN_UNREACHABLE_CODE = YES;
				CLANG_WARN__DUPLICATE_METHOD_MATCH = YES;
				COPY_PHASE_STRIP = NO;
				DEBUG_INFORMATION_FORMAT = dwarf;
				ENABLE_STRICT_OBJC_MSGSEND = YES;
				ENABLE_TESTABILITY = YES;
				GCC_C_LANGUAGE_STANDARD = gnu11;
				GCC_DYNAMIC_NO_PIC = NO;
				GCC_NO_COMMON_BLOCKS = YES;
				GCC_OPTIMIZATION_LEVEL = 0;
				GCC_PREPROCESSOR_DEFINITIONS = (
					"DEBUG=1",
					"$(inherited)",
				);
				GCC_WARN_64_TO_32_BIT_CONVERSION = YES;
				GCC_WARN_ABOUT_RETURN_TYPE = YES_ERROR;
				GCC_WARN_UNDECLARED_SELECTOR = YES;
				GCC_WARN_UNINITIALIZED_AUTOS = YES_AGGRESSIVE;
				GCC_WARN_UNUSED_FUNCTION = YES;
				GCC_WARN_UNUSED_VARIABLE = YES;
				IPHONEOS_DEPLOYMENT_TARGET = 15.5;
				MTL_ENABLE_DEBUG_INFO = INCLUDE_SOURCE;
				MTL_FAST_MATH = YES;
				ONLY_ACTIVE_ARCH = YES;
				SDKROOT = iphoneos;
				SWIFT_ACTIVE_COMPILATION_CONDITIONS = DEBUG;
				SWIFT_OPTIMIZATION_LEVEL = "-Onone";
			};
			name = Debug;
		};
		D3E3632A28B3A6380040FF45 /* Release */ = {
			isa = XCBuildConfiguration;
			buildSettings = {
				ALWAYS_SEARCH_USER_PATHS = NO;
				CLANG_ANALYZER_NONNULL = YES;
				CLANG_ANALYZER_NUMBER_OBJECT_CONVERSION = YES_AGGRESSIVE;
				CLANG_CXX_LANGUAGE_STANDARD = "gnu++17";
				CLANG_ENABLE_MODULES = YES;
				CLANG_ENABLE_OBJC_ARC = YES;
				CLANG_ENABLE_OBJC_WEAK = YES;
				CLANG_WARN_BLOCK_CAPTURE_AUTORELEASING = YES;
				CLANG_WARN_BOOL_CONVERSION = YES;
				CLANG_WARN_COMMA = YES;
				CLANG_WARN_CONSTANT_CONVERSION = YES;
				CLANG_WARN_DEPRECATED_OBJC_IMPLEMENTATIONS = YES;
				CLANG_WARN_DIRECT_OBJC_ISA_USAGE = YES_ERROR;
				CLANG_WARN_DOCUMENTATION_COMMENTS = YES;
				CLANG_WARN_EMPTY_BODY = YES;
				CLANG_WARN_ENUM_CONVERSION = YES;
				CLANG_WARN_INFINITE_RECURSION = YES;
				CLANG_WARN_INT_CONVERSION = YES;
				CLANG_WARN_NON_LITERAL_NULL_CONVERSION = YES;
				CLANG_WARN_OBJC_IMPLICIT_RETAIN_SELF = YES;
				CLANG_WARN_OBJC_LITERAL_CONVERSION = YES;
				CLANG_WARN_OBJC_ROOT_CLASS = YES_ERROR;
				CLANG_WARN_QUOTED_INCLUDE_IN_FRAMEWORK_HEADER = YES;
				CLANG_WARN_RANGE_LOOP_ANALYSIS = YES;
				CLANG_WARN_STRICT_PROTOTYPES = YES;
				CLANG_WARN_SUSPICIOUS_MOVE = YES;
				CLANG_WARN_UNGUARDED_AVAILABILITY = YES_AGGRESSIVE;
				CLANG_WARN_UNREACHABLE_CODE = YES;
				CLANG_WARN__DUPLICATE_METHOD_MATCH = YES;
				COPY_PHASE_STRIP = NO;
				DEBUG_INFORMATION_FORMAT = "dwarf-with-dsym";
				ENABLE_NS_ASSERTIONS = NO;
				ENABLE_STRICT_OBJC_MSGSEND = YES;
				GCC_C_LANGUAGE_STANDARD = gnu11;
				GCC_NO_COMMON_BLOCKS = YES;
				GCC_WARN_64_TO_32_BIT_CONVERSION = YES;
				GCC_WARN_ABOUT_RETURN_TYPE = YES_ERROR;
				GCC_WARN_UNDECLARED_SELECTOR = YES;
				GCC_WARN_UNINITIALIZED_AUTOS = YES_AGGRESSIVE;
				GCC_WARN_UNUSED_FUNCTION = YES;
				GCC_WARN_UNUSED_VARIABLE = YES;
				IPHONEOS_DEPLOYMENT_TARGET = 15.5;
				MTL_ENABLE_DEBUG_INFO = NO;
				MTL_FAST_MATH = YES;
				SDKROOT = iphoneos;
				SWIFT_COMPILATION_MODE = wholemodule;
				SWIFT_OPTIMIZATION_LEVEL = "-O";
				VALIDATE_PRODUCT = YES;
			};
			name = Release;
		};
		D3E3632C28B3A6380040FF45 /* Debug */ = {
			isa = XCBuildConfiguration;
			buildSettings = {
				ASSETCATALOG_COMPILER_APPICON_NAME = AppIcon;
				ASSETCATALOG_COMPILER_GLOBAL_ACCENT_COLOR_NAME = AccentColor;
				CODE_SIGN_STYLE = Automatic;
				CURRENT_PROJECT_VERSION = 1;
				DEVELOPMENT_ASSET_PATHS = "\"Films/Preview Content\"";
				DEVELOPMENT_TEAM = DHZXC2ZXP6;
				ENABLE_PREVIEWS = YES;
				GENERATE_INFOPLIST_FILE = YES;
				INFOPLIST_KEY_UIApplicationSceneManifest_Generation = YES;
				INFOPLIST_KEY_UIApplicationSupportsIndirectInputEvents = YES;
				INFOPLIST_KEY_UILaunchScreen_Generation = YES;
				INFOPLIST_KEY_UISupportedInterfaceOrientations_iPad = "UIInterfaceOrientationPortrait UIInterfaceOrientationPortraitUpsideDown UIInterfaceOrientationLandscapeLeft UIInterfaceOrientationLandscapeRight";
				INFOPLIST_KEY_UISupportedInterfaceOrientations_iPhone = "UIInterfaceOrientationPortrait UIInterfaceOrientationLandscapeLeft UIInterfaceOrientationLandscapeRight";
				IPHONEOS_DEPLOYMENT_TARGET = 15.4;
				LD_RUNPATH_SEARCH_PATHS = (
					"$(inherited)",
					"@executable_path/Frameworks",
				);
				MARKETING_VERSION = 1.0;
				PRODUCT_BUNDLE_IDENTIFIER = com.invio.Films;
				PRODUCT_NAME = "$(TARGET_NAME)";
				SWIFT_EMIT_LOC_STRINGS = YES;
				SWIFT_VERSION = 5.0;
				TARGETED_DEVICE_FAMILY = "1,2";
			};
			name = Debug;
		};
		D3E3632D28B3A6380040FF45 /* Release */ = {
			isa = XCBuildConfiguration;
			buildSettings = {
				ASSETCATALOG_COMPILER_APPICON_NAME = AppIcon;
				ASSETCATALOG_COMPILER_GLOBAL_ACCENT_COLOR_NAME = AccentColor;
				CODE_SIGN_STYLE = Automatic;
				CURRENT_PROJECT_VERSION = 1;
				DEVELOPMENT_ASSET_PATHS = "\"Films/Preview Content\"";
				DEVELOPMENT_TEAM = DHZXC2ZXP6;
				ENABLE_PREVIEWS = YES;
				GENERATE_INFOPLIST_FILE = YES;
				INFOPLIST_KEY_UIApplicationSceneManifest_Generation = YES;
				INFOPLIST_KEY_UIApplicationSupportsIndirectInputEvents = YES;
				INFOPLIST_KEY_UILaunchScreen_Generation = YES;
				INFOPLIST_KEY_UISupportedInterfaceOrientations_iPad = "UIInterfaceOrientationPortrait UIInterfaceOrientationPortraitUpsideDown UIInterfaceOrientationLandscapeLeft UIInterfaceOrientationLandscapeRight";
				INFOPLIST_KEY_UISupportedInterfaceOrientations_iPhone = "UIInterfaceOrientationPortrait UIInterfaceOrientationLandscapeLeft UIInterfaceOrientationLandscapeRight";
				IPHONEOS_DEPLOYMENT_TARGET = 15.4;
				LD_RUNPATH_SEARCH_PATHS = (
					"$(inherited)",
					"@executable_path/Frameworks",
				);
				MARKETING_VERSION = 1.0;
				PRODUCT_BUNDLE_IDENTIFIER = com.invio.Films;
				PRODUCT_NAME = "$(TARGET_NAME)";
				SWIFT_EMIT_LOC_STRINGS = YES;
				SWIFT_VERSION = 5.0;
				TARGETED_DEVICE_FAMILY = "1,2";
			};
			name = Release;
		};
/* End XCBuildConfiguration section */

/* Begin XCConfigurationList section */
		D3E3631828B3A6370040FF45 /* Build configuration list for PBXProject "Films" */ = {
			isa = XCConfigurationList;
			buildConfigurations = (
				D3E3632928B3A6380040FF45 /* Debug */,
				D3E3632A28B3A6380040FF45 /* Release */,
			);
			defaultConfigurationIsVisible = 0;
			defaultConfigurationName = Release;
		};
		D3E3632B28B3A6380040FF45 /* Build configuration list for PBXNativeTarget "Films" */ = {
			isa = XCConfigurationList;
			buildConfigurations = (
				D3E3632C28B3A6380040FF45 /* Debug */,
				D3E3632D28B3A6380040FF45 /* Release */,
			);
			defaultConfigurationIsVisible = 0;
			defaultConfigurationName = Release;
		};
/* End XCConfigurationList section */
	};
	rootObject = D3E3631528B3A6370040FF45 /* Project object */;
}
